{
  "version": 4,
  "terraform_version": "1.13.1",
  "serial": 4,
  "lineage": "2f22e9fc-763d-3727-1fe4-5eb0b7cff4c3",
  "outputs": {
    "app_secret": {
      "value": "2$@b}om}E(v:#8VO",
      "type": "string",
      "sensitive": true
    },
    "pet_names": {
      "value": [
        "joint*condor",
        "joint*condor"
      ],
      "type": [
        "tuple",
        [
          "string",
          "string"
        ]
      ]
    }
  },
  "resources": [
    {
      "mode": "managed",
      "type": "random_password",
      "name": "app_secret",
      "provider": "provider[\"registry.terraform.io/hashicorp/random\"]",
      "instances": [
        {
          "schema_version": 3,
          "attributes": {
            "bcrypt_hash": "$2a$10$QTwvcvC74rusJxwVo6kMyOR97k8qvBwDQHZjudaXQbx8JMIxPJBZ2",
            "id": "none",
            "keepers": null,
            "length": 16,
            "lower": true,
            "min_lower": 0,
            "min_numeric": 0,
            "min_special": 0,
            "min_upper": 0,
            "number": true,
            "numeric": true,
            "override_special": null,
            "result": "2$@b}om}E(v:#8VO",
            "special": true,
            "upper": true
          },
          "sensitive_attributes": [
            [
              {
                "type": "get_attr",
                "value": "bcrypt_hash"
              }
            ],
            [
              {
                "type": "get_attr",
                "value": "result"
              }
            ]
          ],
          "identity_schema_version": 0
        }
      ]
    },
    {
      "mode": "managed",
      "type": "random_pet",
      "name": "demo",
      "provider": "provider[\"registry.terraform.io/hashicorp/random\"]",
      "instances": [
        {
          "index_key": 0,
          "schema_version": 0,
          "attributes": {
            "id": "joint*condor",
            "keepers": null,
            "length": 2,
            "prefix": null,
            "separator": "*"
          },
          "sensitive_attributes": [],
          "identity_schema_version": 0
        },
        {
          "index_key": 1,
          "schema_version": 0,
          "attributes": {
            "id": "joint*condor",
            "keepers": null,
            "length": 2,
            "prefix": null,
            "separator": "*"
          },
          "sensitive_attributes": [],
          "identity_schema_version": 0
        }
      ]
    }
  ],
  "check_results": null
}
